
Microsoft Visual Studio Solution File, Format Version 12.00
# Visual Studio 14
VisualStudioVersion = 14.0.25420.1
MinimumVisualStudioVersion = 10.0.40219.1
Project("{FAE04EC0-301F-11D3-BF4B-00C04F79EFBC}") = "SolicitudDeMateriales", "SolicitudDeMateriales\SolicitudDeMateriales.csproj", "{3DF9FC00-CCB4-4E0E-A875-DC2604E7749B}"
EndProject
Project("{FAE04EC0-301F-11D3-BF4B-00C04F79EFBC}") = "BLL", "BLL\BLL.csproj", "{3F12F5DD-32B1-4A88-A702-3DCD735D8894}"
EndProject
Project("{FAE04EC0-301F-11D3-BF4B-00C04F79EFBC}") = "DAL", "DAL\DAL.csproj", "{93A2B29D-CA00-4CAD-BF9D-B122B52D37B4}"
EndProject
Global
	GlobalSection(SolutionConfigurationPlatforms) = preSolution
		Debug|Any CPU = Debug|Any CPU
		Release|Any CPU = Release|Any CPU
	EndGlobalSection
	GlobalSection(ProjectConfigurationPlatforms) = postSolution
		{3DF9FC00-CCB4-4E0E-A875-DC2604E7749B}.Debug|Any CPU.ActiveCfg = Debug|Any CPU
		{3DF9FC00-CCB4-4E0E-A875-DC2604E7749B}.Debug|Any CPU.Build.0 = Debug|Any CPU
		{3DF9FC00-CCB4-4E0E-A875-DC2604E7749B}.Release|Any CPU.ActiveCfg = Release|Any CPU
		{3DF9FC00-CCB4-4E0E-A875-DC2604E7749B}.Release|Any CPU.Build.0 = Release|Any CPU
		{3F12F5DD-32B1-4A88-A702-3DCD735D8894}.Debug|Any CPU.ActiveCfg = Debug|Any CPU
		{3F12F5DD-32B1-4A88-A702-3DCD735D8894}.Debug|Any CPU.Build.0 = Debug|Any CPU
		{3F12F5DD-32B1-4A88-A702-3DCD735D8894}.Release|Any CPU.ActiveCfg = Release|Any CPU
		{3F12F5DD-32B1-4A88-A702-3DCD735D8894}.Release|Any CPU.Build.0 = Release|Any CPU
		{93A2B29D-CA00-4CAD-BF9D-B122B52D37B4}.Debug|Any CPU.ActiveCfg = Debug|Any CPU
		{93A2B29D-CA00-4CAD-BF9D-B122B52D37B4}.Debug|Any CPU.Build.0 = Debug|Any CPU
		{93A2B29D-CA00-4CAD-BF9D-B122B52D37B4}.Release|Any CPU.ActiveCfg = Release|Any CPU
		{93A2B29D-CA00-4CAD-BF9D-B122B52D37B4}.Release|Any CPU.Build.0 = Release|Any CPU
	EndGlobalSection
	GlobalSection(SolutionProperties) = preSolution
		HideSolutionNode = FALSE
	EndGlobalSection
EndGlobal
